
Microsoft Visual Studio Solution File, Format Version 12.00
# Visual Studio Version 17
VisualStudioVersion = 17.9.34728.123
MinimumVisualStudioVersion = 10.0.40219.1
Project("{FAE04EC0-301F-11D3-BF4B-00C04F79EFBC}") = "MauiTesting101", "MauiTesting101\MauiTesting101.csproj", "{68AE86BA-8E28-4EAB-9C2D-D94D5D6BB9F4}"
EndProject
Project("{FAE04EC0-301F-11D3-BF4B-00C04F79EFBC}") = "UnitTestProject", "UnitTestProject\UnitTestProject.csproj", "{ED1C7AB5-C252-493C-97CB-54532EEBD8CC}"
EndProject
Global
	GlobalSection(SolutionConfigurationPlatforms) = preSolution
		Debug|Any CPU = Debug|Any CPU
		Release|Any CPU = Release|Any CPU
	EndGlobalSection
	GlobalSection(ProjectConfigurationPlatforms) = postSolution
		{68AE86BA-8E28-4EAB-9C2D-D94D5D6BB9F4}.Debug|Any CPU.ActiveCfg = Debug|Any CPU
		{68AE86BA-8E28-4EAB-9C2D-D94D5D6BB9F4}.Debug|Any CPU.Build.0 = Debug|Any CPU
		{68AE86BA-8E28-4EAB-9C2D-D94D5D6BB9F4}.Debug|Any CPU.Deploy.0 = Debug|Any CPU
		{68AE86BA-8E28-4EAB-9C2D-D94D5D6BB9F4}.Release|Any CPU.ActiveCfg = Release|Any CPU
		{68AE86BA-8E28-4EAB-9C2D-D94D5D6BB9F4}.Release|Any CPU.Build.0 = Release|Any CPU
		{68AE86BA-8E28-4EAB-9C2D-D94D5D6BB9F4}.Release|Any CPU.Deploy.0 = Release|Any CPU
		{ED1C7AB5-C252-493C-97CB-54532EEBD8CC}.Debug|Any CPU.ActiveCfg = Debug|Any CPU
		{ED1C7AB5-C252-493C-97CB-54532EEBD8CC}.Debug|Any CPU.Build.0 = Debug|Any CPU
		{ED1C7AB5-C252-493C-97CB-54532EEBD8CC}.Release|Any CPU.ActiveCfg = Release|Any CPU
		{ED1C7AB5-C252-493C-97CB-54532EEBD8CC}.Release|Any CPU.Build.0 = Release|Any CPU
	EndGlobalSection
	GlobalSection(SolutionProperties) = preSolution
		HideSolutionNode = FALSE
	EndGlobalSection
	GlobalSection(ExtensibilityGlobals) = postSolution
		SolutionGuid = {E99EE168-FC91-4691-B6CE-2A73D4CCDFAC}
	EndGlobalSection
EndGlobal
